# THIS IS AN AUTOGENERATED FILE. DO NOT EDIT THIS FILE DIRECTLY.
# yarn lockfile v1


"@bufbuild/buf-darwin-arm64@1.28.1":
  version "1.28.1"
  resolved "https://registry.yarnpkg.com/@bufbuild/buf-darwin-arm64/-/buf-darwin-arm64-1.28.1.tgz#ffe09c8b998d6cc714ab525999fe026b25c952e9"
  integrity sha512-nAyvwKkcd8qQTExCZo5MtSRhXLK7e3vzKFKHjXfkveRakSUST2HFlFZAHfErZimN4wBrPTN0V0hNRU8PPjkMpQ==

"@bufbuild/buf-darwin-x64@1.28.1":
  version "1.28.1"
  resolved "https://registry.yarnpkg.com/@bufbuild/buf-darwin-x64/-/buf-darwin-x64-1.28.1.tgz#03aa18f7961b651679e349a382f71f1bad3dadec"
  integrity sha512-b0eT3xd3vX5a5lWAbo5h7FPuf9MsOJI4I39qs4TZnrlZ8BOuPfqzwzijiFf9UCwaX2vR1NQXexIoQ80Ci+fCHw==

"@bufbuild/buf-linux-aarch64@1.28.1":
  version "1.28.1"
  resolved "https://registry.yarnpkg.com/@bufbuild/buf-linux-aarch64/-/buf-linux-aarch64-1.28.1.tgz#2af0683dd6a803bdaba7ea92148007393a058705"
  integrity sha512-p5h9bZCVLMh8No9/7k7ulXzsFx5P7Lu6DiUMjSJ6aBXPMYo6Xl7r/6L2cQkpsZ53HMtIxCgMYS9a7zoS4K8wIw==

"@bufbuild/buf-linux-x64@1.28.1":
  version "1.28.1"
  resolved "https://registry.yarnpkg.com/@bufbuild/buf-linux-x64/-/buf-linux-x64-1.28.1.tgz#dbac29d39fb4c0a509ebf49fb3a76d481aebe1e0"
  integrity sha512-fVJ3DiRigIso06jgEl+JNp59Y5t2pxDHd10d3SA4r+14sXbZ2J7Gy/wBqVXPry4x/jW567KKlvmhg7M5ZBgCQQ==

"@bufbuild/buf-win32-arm64@1.28.1":
  version "1.28.1"
  resolved "https://registry.yarnpkg.com/@bufbuild/buf-win32-arm64/-/buf-win32-arm64-1.28.1.tgz#69242d904c73368c2735aa9efc338dd1f5864bfa"
  integrity sha512-KJiRJpugQRK/jXC46Xjlb68UydWhCZj2jHdWLIwNtgXd1WTJ3LngChZV7Y6pPK08pwBAVz0JYeVbD5IlTCD4TQ==

"@bufbuild/buf-win32-x64@1.28.1":
  version "1.28.1"
  resolved "https://registry.yarnpkg.com/@bufbuild/buf-win32-x64/-/buf-win32-x64-1.28.1.tgz#5014fd87ed29fd26c1c6d2e97eba9ac7b8a14e51"
  integrity sha512-vMnc+7OVCkmlRWQsgYHgUqiBPRIjD8XeoRyApJ07YZzGs7DkRH4LhvmacJbLd3wORylbn6gLz3pQa8J/M61mzg==

"@bufbuild/buf@^1.28.1":
  version "1.28.1"
  resolved "https://registry.yarnpkg.com/@bufbuild/buf/-/buf-1.28.1.tgz#b107bd1b01a676040b1112de9eb94642bea48a08"
  integrity sha512-WRDagrf0uBjfV9s5eyrSPJDcdI4A5Q7JMCA4aMrHRR8fo/TTjniDBjJprszhaguqsDkn/LS4QIu92HVFZCrl9A==
  optionalDependencies:
    "@bufbuild/buf-darwin-arm64" "1.28.1"
    "@bufbuild/buf-darwin-x64" "1.28.1"
    "@bufbuild/buf-linux-aarch64" "1.28.1"
    "@bufbuild/buf-linux-x64" "1.28.1"
    "@bufbuild/buf-win32-arm64" "1.28.1"
    "@bufbuild/buf-win32-x64" "1.28.1"

"@bufbuild/connect-web@^0.13.0":
  version "0.13.0"
  resolved "https://registry.yarnpkg.com/@bufbuild/connect-web/-/connect-web-0.13.0.tgz#87301c92d49d3c3f9acb99729c2f7505d739aa4a"
  integrity sha512-Ys9VFDWYktD9yFQSLOlkpsD42LonDNMCysLCfjXFuxlupYuf4f7qg0zkT5bESyTfqk4xtRDSSGR3xygaj/ONIQ==
  dependencies:
    "@bufbuild/connect" "0.13.0"

"@bufbuild/connect@0.13.0":
  version "0.13.0"
  resolved "https://registry.yarnpkg.com/@bufbuild/connect/-/connect-0.13.0.tgz#97a84a2cac747c7a52d4421a3382d8d165f61c99"
  integrity sha512-eZSMbVLyUFtXiZNORgCEvv580xKZeYQdMOWj2i/nxOcpXQcrEzTMTA7SZzWv4k4gveWCOSRoWmYDeOhfWXJv0g==

"@bufbuild/protobuf@1.4.2", "@bufbuild/protobuf@^1.2.1", "@bufbuild/protobuf@^1.3.3", "@bufbuild/protobuf@^1.4.2":
  version "1.4.2"
  resolved "https://registry.yarnpkg.com/@bufbuild/protobuf/-/protobuf-1.4.2.tgz#dc4faf21264a47b71a15806616043cb006e80ac8"
  integrity sha512-JyEH8Z+OD5Sc2opSg86qMHn1EM1Sa+zj/Tc0ovxdwk56ByVNONJSabuCUbLQp+eKN3rWNfrho0X+3SEqEPXIow==

"@bufbuild/protoc-gen-connect-web@^0.11.0":
  version "0.11.0"
  resolved "https://registry.yarnpkg.com/@bufbuild/protoc-gen-connect-web/-/protoc-gen-connect-web-0.11.0.tgz#985e12d0acc804a14033916bd2cebf3d88562dd1"
  integrity sha512-7GvYkQjN6LP/ixtosI4JBN8eph2kS5XNju9zFwBuJ6aHqfl1sNRkRWG8LEdtTJtyW2R3QypAUyLfpLQf/ZyRVw==
  dependencies:
    "@bufbuild/protobuf" "^1.2.1"
    "@bufbuild/protoplugin" "^1.2.1"

"@bufbuild/protoc-gen-es@^1.4.2":
  version "1.4.2"
  resolved "https://registry.yarnpkg.com/@bufbuild/protoc-gen-es/-/protoc-gen-es-1.4.2.tgz#00c8b09430dd1154e626da7c247fd6425a1cd41d"
  integrity sha512-/It7M2s8H1zTDvUMJu6vhBmtnzeFL2VS6e78RYIY38602pNXDK/vbteKUo4KrG0O07lOPFu87hHZ0Y+w5Ib6iw==
  dependencies:
    "@bufbuild/protobuf" "^1.4.2"
    "@bufbuild/protoplugin" "1.4.2"

"@bufbuild/protoplugin@1.4.2", "@bufbuild/protoplugin@^1.2.1", "@bufbuild/protoplugin@^1.3.3":
  version "1.4.2"
  resolved "https://registry.yarnpkg.com/@bufbuild/protoplugin/-/protoplugin-1.4.2.tgz#abf9b0e6a3dc8b52b1d6699d7a1ce5219fa82322"
  integrity sha512-5IwGC1ZRD2A+KydGXeaSOErwfILLqVtvMH/RkN+cOoHcQd4EYXFStcF7g7aR+yICRDEEjQVi5tQF/qPGBSr9vg==
  dependencies:
    "@bufbuild/protobuf" "1.4.2"
    "@typescript/vfs" "^1.4.0"
    typescript "4.5.2"

"@connectrpc/connect-web@^1.1.3":
  version "1.1.3"
  resolved "https://registry.yarnpkg.com/@connectrpc/connect-web/-/connect-web-1.1.3.tgz#027922b4f1537ecb1eaaa31ec3a59dd471a65320"
  integrity sha512-WfShOZt91duJngqivYF4wJFRbeRa4bF/fPMfDVN0MAYSX3VuaTMn8o9qgKN7tsg2H2ZClyOVQwMkZx6IdcP7Zw==

"@connectrpc/connect@^1.1.3":
  version "1.1.3"
  resolved "https://registry.yarnpkg.com/@connectrpc/connect/-/connect-1.1.3.tgz#6099789e392bf3d4c3d831f294b1a9ff969703a1"
  integrity sha512-AXkbsLQe2Nm7VuoN5nqp05GEb9mPa/f5oFzDqTbHME4i8TghTrlY03uefbhuAq4wjsnfDnmuxHZvn6ndlgXmbg==

"@connectrpc/protoc-gen-connect-es@^1.1.3":
  version "1.1.3"
  resolved "https://registry.yarnpkg.com/@connectrpc/protoc-gen-connect-es/-/protoc-gen-connect-es-1.1.3.tgz#2472133dce58bbe433b4c10076c85d8f4f6833e3"
  integrity sha512-Irt1WM1o45KL0DNz8D8nraNfRrOyZfn7rzRsOyfrwbNzeVO1JV3rELFpARqGAvtVveYBoO9uwYtQ8TKLXsnrng==
  dependencies:
    "@bufbuild/protobuf" "^1.3.3"
    "@bufbuild/protoplugin" "^1.3.3"

"@next/env@14.0.3":
  version "14.0.3"
  resolved "https://registry.yarnpkg.com/@next/env/-/env-14.0.3.tgz#9a58b296e7ae04ffebce8a4e5bd0f87f71de86bd"
  integrity sha512-7xRqh9nMvP5xrW4/+L0jgRRX+HoNRGnfJpD+5Wq6/13j3dsdzxO3BCXn7D3hMqsDb+vjZnJq+vI7+EtgrYZTeA==

"@next/swc-darwin-arm64@14.0.3":
  version "14.0.3"
  resolved "https://registry.yarnpkg.com/@next/swc-darwin-arm64/-/swc-darwin-arm64-14.0.3.tgz#b1a0440ffbf69056451947c4aea5b6d887e9fbbc"
  integrity sha512-64JbSvi3nbbcEtyitNn2LEDS/hcleAFpHdykpcnrstITFlzFgB/bW0ER5/SJJwUPj+ZPY+z3e+1jAfcczRLVGw==

"@next/swc-darwin-x64@14.0.3":
  version "14.0.3"
  resolved "https://registry.yarnpkg.com/@next/swc-darwin-x64/-/swc-darwin-x64-14.0.3.tgz#48b527ef7eb5dbdcaf62fd107bc3a78371f36f09"
  integrity sha512-RkTf+KbAD0SgYdVn1XzqE/+sIxYGB7NLMZRn9I4Z24afrhUpVJx6L8hsRnIwxz3ERE2NFURNliPjJ2QNfnWicQ==

"@next/swc-linux-arm64-gnu@14.0.3":
  version "14.0.3"
  resolved "https://registry.yarnpkg.com/@next/swc-linux-arm64-gnu/-/swc-linux-arm64-gnu-14.0.3.tgz#0a36475a38b2855ab8ea0fe8b56899bc90184c0f"
  integrity sha512-3tBWGgz7M9RKLO6sPWC6c4pAw4geujSwQ7q7Si4d6bo0l6cLs4tmO+lnSwFp1Tm3lxwfMk0SgkJT7EdwYSJvcg==

"@next/swc-linux-arm64-musl@14.0.3":
  version "14.0.3"
  resolved "https://registry.yarnpkg.com/@next/swc-linux-arm64-musl/-/swc-linux-arm64-musl-14.0.3.tgz#25328a9f55baa09fde6364e7e47ade65c655034f"
  integrity sha512-v0v8Kb8j8T23jvVUWZeA2D8+izWspeyeDGNaT2/mTHWp7+37fiNfL8bmBWiOmeumXkacM/AB0XOUQvEbncSnHA==

"@next/swc-linux-x64-gnu@14.0.3":
  version "14.0.3"
  resolved "https://registry.yarnpkg.com/@next/swc-linux-x64-gnu/-/swc-linux-x64-gnu-14.0.3.tgz#594b747e3c8896b2da67bba54fcf8a6b5a410e5e"
  integrity sha512-VM1aE1tJKLBwMGtyBR21yy+STfl0MapMQnNrXkxeyLs0GFv/kZqXS5Jw/TQ3TSUnbv0QPDf/X8sDXuMtSgG6eg==

"@next/swc-linux-x64-musl@14.0.3":
  version "14.0.3"
  resolved "https://registry.yarnpkg.com/@next/swc-linux-x64-musl/-/swc-linux-x64-musl-14.0.3.tgz#a02da58fc6ecad8cf5c5a2a96a7f6030ec7f6215"
  integrity sha512-64EnmKy18MYFL5CzLaSuUn561hbO1Gk16jM/KHznYP3iCIfF9e3yULtHaMy0D8zbHfxset9LTOv6cuYKJgcOxg==

"@next/swc-win32-arm64-msvc@14.0.3":
  version "14.0.3"
  resolved "https://registry.yarnpkg.com/@next/swc-win32-arm64-msvc/-/swc-win32-arm64-msvc-14.0.3.tgz#bf2be23d3ba2ebd0d4a9376a31f783efdb677b48"
  integrity sha512-WRDp8QrmsL1bbGtsh5GqQ/KWulmrnMBgbnb+59qNTW1kVi1nG/2ndZLkcbs2GX7NpFLlToLRMWSQXmPzQm4tog==

"@next/swc-win32-ia32-msvc@14.0.3":
  version "14.0.3"
  resolved "https://registry.yarnpkg.com/@next/swc-win32-ia32-msvc/-/swc-win32-ia32-msvc-14.0.3.tgz#839f8de85a4bf2c3c69242483ab87cb916427551"
  integrity sha512-EKffQeqCrj+t6qFFhIFTRoqb2QwX1mU7iTOvMyLbYw3QtqTw9sMwjykyiMlZlrfm2a4fA84+/aeW+PMg1MjuTg==

"@next/swc-win32-x64-msvc@14.0.3":
  version "14.0.3"
  resolved "https://registry.yarnpkg.com/@next/swc-win32-x64-msvc/-/swc-win32-x64-msvc-14.0.3.tgz#27b623612b1d0cea6efe0a0d31aa1a335fc99647"
  integrity sha512-ERhKPSJ1vQrPiwrs15Pjz/rvDHZmkmvbf/BjPN/UCOI++ODftT0GtasDPi0j+y6PPJi5HsXw+dpRaXUaw4vjuQ==

"@swc/helpers@0.5.2":
  version "0.5.2"
  resolved "https://registry.yarnpkg.com/@swc/helpers/-/helpers-0.5.2.tgz#85ea0c76450b61ad7d10a37050289eded783c27d"
  integrity sha512-E4KcWTpoLHqwPHLxidpOqQbcrZVgi0rsmmZXUle1jXmJfuIf/UWpczUJ7MZZ5tlxytgJXyp0w4PGkkeLiuIdZw==
  dependencies:
    tslib "^2.4.0"

"@types/node@20.9.2":
  version "20.9.2"
  resolved "https://registry.yarnpkg.com/@types/node/-/node-20.9.2.tgz#002815c8e87fe0c9369121c78b52e800fadc0ac6"
  integrity sha512-WHZXKFCEyIUJzAwh3NyyTHYSR35SevJ6mZ1nWwJafKtiQbqRTIKSRcw3Ma3acqgsent3RRDqeVwpHntMk+9irg==
  dependencies:
    undici-types "~5.26.4"

"@types/prop-types@*":
  version "15.7.11"
  resolved "https://registry.yarnpkg.com/@types/prop-types/-/prop-types-15.7.11.tgz#2596fb352ee96a1379c657734d4b913a613ad563"
  integrity sha512-ga8y9v9uyeiLdpKddhxYQkxNDrfvuPrlFb0N1qnZZByvcElJaXthF1UhvCh9TLWJBEHeNtdnbysW7Y6Uq8CVng==

"@types/react-dom@18.2.15":
  version "18.2.15"
  resolved "https://registry.yarnpkg.com/@types/react-dom/-/react-dom-18.2.15.tgz#921af67f9ee023ac37ea84b1bc0cc40b898ea522"
  integrity sha512-HWMdW+7r7MR5+PZqJF6YFNSCtjz1T0dsvo/f1BV6HkV+6erD/nA7wd9NM00KVG83zf2nJ7uATPO9ttdIPvi3gg==
  dependencies:
    "@types/react" "*"

"@types/react@*":
  version "18.2.38"
  resolved "https://registry.yarnpkg.com/@types/react/-/react-18.2.38.tgz#3605ca41d3daff2c434e0b98d79a2469d4c2dd52"
  integrity sha512-cBBXHzuPtQK6wNthuVMV6IjHAFkdl/FOPFIlkd81/Cd1+IqkHu/A+w4g43kaQQoYHik/ruaQBDL72HyCy1vuMw==
  dependencies:
    "@types/prop-types" "*"
    "@types/scheduler" "*"
    csstype "^3.0.2"

"@types/react@18.2.37":
  version "18.2.37"
  resolved "https://registry.yarnpkg.com/@types/react/-/react-18.2.37.tgz#0f03af69e463c0f19a356c2660dbca5d19c44cae"
  integrity sha512-RGAYMi2bhRgEXT3f4B92WTohopH6bIXw05FuGlmJEnv/omEn190+QYEIYxIAuIBdKgboYYdVved2p1AxZVQnaw==
  dependencies:
    "@types/prop-types" "*"
    "@types/scheduler" "*"
    csstype "^3.0.2"

"@types/scheduler@*":
  version "0.16.7"
  resolved "https://registry.yarnpkg.com/@types/scheduler/-/scheduler-0.16.7.tgz#d62f1bd54724c84089f51f9218393930ba4abcf4"
  integrity sha512-8g25Nl3AuB1KulTlSUsUhUo/oBgBU6XIXQ+XURpeioEbEJvkO7qI4vDfREv3vJYHHzqXjcAHvoJy4pTtSQNZtA==

"@typescript/vfs@^1.4.0":
  version "1.5.0"
  resolved "https://registry.yarnpkg.com/@typescript/vfs/-/vfs-1.5.0.tgz#ed942922724f9ace8c07c80b006c47e5e3833218"
  integrity sha512-AJS307bPgbsZZ9ggCT3wwpg3VbTKMFNHfaY/uF0ahSkYYrPF2dSSKDNIDIQAHm9qJqbLvCsSJH7yN4Vs/CsMMg==
  dependencies:
    debug "^4.1.1"

busboy@1.6.0:
  version "1.6.0"
  resolved "https://registry.yarnpkg.com/busboy/-/busboy-1.6.0.tgz#966ea36a9502e43cdb9146962523b92f531f6893"
  integrity sha512-8SFQbg/0hQ9xy3UNTB0YEnsNBbWfhf7RtnzpL7TkBiTBRfrQ9Fxcnz7VJsleJpyp6rVLvXiuORqjlHi5q+PYuA==
  dependencies:
    streamsearch "^1.1.0"

caniuse-lite@^1.0.30001406:
  version "1.0.30001563"
  resolved "https://registry.yarnpkg.com/caniuse-lite/-/caniuse-lite-1.0.30001563.tgz#aa68a64188903e98f36eb9c56e48fba0c1fe2a32"
  integrity sha512-na2WUmOxnwIZtwnFI2CZ/3er0wdNzU7hN+cPYz/z2ajHThnkWjNBOpEPP4n+4r2WPM847JaMotaJE3bnfzjyKw==

client-only@0.0.1:
  version "0.0.1"
  resolved "https://registry.yarnpkg.com/client-only/-/client-only-0.0.1.tgz#38bba5d403c41ab150bff64a95c85013cf73bca1"
  integrity sha512-IV3Ou0jSMzZrd3pZ48nLkT9DA7Ag1pnPzaiQhpW7c3RbcqqzvzzVu+L8gfqMp/8IM2MQtSiqaCxrrcfu8I8rMA==

csstype@^3.0.2:
  version "3.1.2"
  resolved "https://registry.yarnpkg.com/csstype/-/csstype-3.1.2.tgz#1d4bf9d572f11c14031f0436e1c10bc1f571f50b"
  integrity sha512-I7K1Uu0MBPzaFKg4nI5Q7Vs2t+3gWWW648spaF+Rg7pI9ds18Ugn+lvg4SHczUdKlHI5LWBXyqfS8+DufyBsgQ==

debug@^4.1.1:
  version "4.3.4"
  resolved "https://registry.yarnpkg.com/debug/-/debug-4.3.4.tgz#1319f6579357f2338d3337d2cdd4914bb5dcc865"
  integrity sha512-PRWFHuSU3eDtQJPvnNY7Jcket1j0t5OuOsFzPPzsekD52Zl8qUfFIPEiswXqIvHWGVHOgX+7G/vCNNhehwxfkQ==
  dependencies:
    ms "2.1.2"

glob-to-regexp@^0.4.1:
  version "0.4.1"
  resolved "https://registry.yarnpkg.com/glob-to-regexp/-/glob-to-regexp-0.4.1.tgz#c75297087c851b9a578bd217dd59a92f59fe546e"
  integrity sha512-lkX1HJXwyMcprw/5YUZc2s7DrpAiHB21/V+E1rHUrVNokkvB6bqMzT0VfV6/86ZNabt1k14YOIaT7nDvOX3Iiw==

graceful-fs@^4.1.2:
  version "4.2.11"
  resolved "https://registry.yarnpkg.com/graceful-fs/-/graceful-fs-4.2.11.tgz#4183e4e8bf08bb6e05bbb2f7d2e0c8f712ca40e3"
  integrity sha512-RbJ5/jmFcNNCcDV5o9eTnBLJ/HszWV0P73bc+Ff4nS/rJj+YaS6IGyiOL0VoBYX+l1Wrl3k63h/KrH+nhJ0XvQ==

"js-tokens@^3.0.0 || ^4.0.0":
  version "4.0.0"
  resolved "https://registry.yarnpkg.com/js-tokens/-/js-tokens-4.0.0.tgz#19203fb59991df98e3a287050d4647cdeaf32499"
  integrity sha512-RdJUflcE3cUzKiMqQgsCu06FPu9UdIJO0beYbPhHN4k6apgJtifcoCtT9bcxOpYBtpD2kCM6Sbzg4CausW/PKQ==

loose-envify@^1.1.0:
  version "1.4.0"
  resolved "https://registry.yarnpkg.com/loose-envify/-/loose-envify-1.4.0.tgz#71ee51fa7be4caec1a63839f7e682d8132d30caf"
  integrity sha512-lyuxPGr/Wfhrlem2CL/UcnUc1zcqKAImBDzukY7Y5F/yQiNdko6+fRLevlw1HgMySw7f611UIY408EtxRSoK3Q==
  dependencies:
    js-tokens "^3.0.0 || ^4.0.0"

ms@2.1.2:
  version "2.1.2"
  resolved "https://registry.yarnpkg.com/ms/-/ms-2.1.2.tgz#d09d1f357b443f493382a8eb3ccd183872ae6009"
  integrity sha512-sGkPx+VjMtmA6MX27oA4FBFELFCZZ4S4XqeGOXCv68tT+jb3vk/RyaKWP0PTKyWtmLSM0b+adUTEvbs1PEaH2w==

nanoid@^3.3.6:
  version "3.3.7"
  resolved "https://registry.yarnpkg.com/nanoid/-/nanoid-3.3.7.tgz#d0c301a691bc8d54efa0a2226ccf3fe2fd656bd8"
  integrity sha512-eSRppjcPIatRIMC1U6UngP8XFcz8MQWGQdt1MTBQ7NaAmvXDfvNxbvWV3x2y6CdEUciCSsDHDQZbhYaB8QEo2g==

next@14.0.3:
  version "14.0.3"
  resolved "https://registry.yarnpkg.com/next/-/next-14.0.3.tgz#8d801a08eaefe5974203d71092fccc463103a03f"
  integrity sha512-AbYdRNfImBr3XGtvnwOxq8ekVCwbFTv/UJoLwmaX89nk9i051AEY4/HAWzU0YpaTDw8IofUpmuIlvzWF13jxIw==
  dependencies:
    "@next/env" "14.0.3"
    "@swc/helpers" "0.5.2"
    busboy "1.6.0"
    caniuse-lite "^1.0.30001406"
    postcss "8.4.31"
    styled-jsx "5.1.1"
    watchpack "2.4.0"
  optionalDependencies:
    "@next/swc-darwin-arm64" "14.0.3"
    "@next/swc-darwin-x64" "14.0.3"
    "@next/swc-linux-arm64-gnu" "14.0.3"
    "@next/swc-linux-arm64-musl" "14.0.3"
    "@next/swc-linux-x64-gnu" "14.0.3"
    "@next/swc-linux-x64-musl" "14.0.3"
    "@next/swc-win32-arm64-msvc" "14.0.3"
    "@next/swc-win32-ia32-msvc" "14.0.3"
    "@next/swc-win32-x64-msvc" "14.0.3"

picocolors@^1.0.0:
  version "1.0.0"
  resolved "https://registry.yarnpkg.com/picocolors/-/picocolors-1.0.0.tgz#cb5bdc74ff3f51892236eaf79d68bc44564ab81c"
  integrity sha512-1fygroTLlHu66zi26VoTDv8yRgm0Fccecssto+MhsZ0D/DGW2sm8E8AjW7NU5VVTRt5GxbeZ5qBuJr+HyLYkjQ==

postcss@8.4.31:
  version "8.4.31"
  resolved "https://registry.yarnpkg.com/postcss/-/postcss-8.4.31.tgz#92b451050a9f914da6755af352bdc0192508656d"
  integrity sha512-PS08Iboia9mts/2ygV3eLpY5ghnUcfLV/EXTOW1E2qYxJKGGBUtNjN76FYHnMs36RmARn41bC0AZmn+rR0OVpQ==
  dependencies:
    nanoid "^3.3.6"
    picocolors "^1.0.0"
    source-map-js "^1.0.2"

react-dom@18.2.0:
  version "18.2.0"
  resolved "https://registry.yarnpkg.com/react-dom/-/react-dom-18.2.0.tgz#22aaf38708db2674ed9ada224ca4aa708d821e3d"
  integrity sha512-6IMTriUmvsjHUjNtEDudZfuDQUoWXVxKHhlEGSk81n4YFS+r/Kl99wXiwlVXtPBtJenozv2P+hxDsw9eA7Xo6g==
  dependencies:
    loose-envify "^1.1.0"
    scheduler "^0.23.0"

react@18.2.0:
  version "18.2.0"
  resolved "https://registry.yarnpkg.com/react/-/react-18.2.0.tgz#555bd98592883255fa00de14f1151a917b5d77d5"
  integrity sha512-/3IjMdb2L9QbBdWiW5e3P2/npwMBaU9mHCSCUzNln0ZCYbcfTsGbTJrU/kGemdH2IWmB2ioZ+zkxtmq6g09fGQ==
  dependencies:
    loose-envify "^1.1.0"

scheduler@^0.23.0:
  version "0.23.0"
  resolved "https://registry.yarnpkg.com/scheduler/-/scheduler-0.23.0.tgz#ba8041afc3d30eb206a487b6b384002e4e61fdfe"
  integrity sha512-CtuThmgHNg7zIZWAXi3AsyIzA3n4xx7aNyjwC2VJldO2LMVDhFK+63xGqq6CsJH4rTAt6/M+N4GhZiDYPx9eUw==
  dependencies:
    loose-envify "^1.1.0"

source-map-js@^1.0.2:
  version "1.0.2"
  resolved "https://registry.yarnpkg.com/source-map-js/-/source-map-js-1.0.2.tgz#adbc361d9c62df380125e7f161f71c826f1e490c"
  integrity sha512-R0XvVJ9WusLiqTCEiGCmICCMplcCkIwwR11mOSD9CR5u+IXYdiseeEuXCVAjS54zqwkLcPNnmU4OeJ6tUrWhDw==

streamsearch@^1.1.0:
  version "1.1.0"
  resolved "https://registry.yarnpkg.com/streamsearch/-/streamsearch-1.1.0.tgz#404dd1e2247ca94af554e841a8ef0eaa238da764"
  integrity sha512-Mcc5wHehp9aXz1ax6bZUyY5afg9u2rv5cqQI3mRrYkGC8rW2hM02jWuwjtL++LS5qinSyhj2QfLyNsuc+VsExg==

styled-jsx@5.1.1:
  version "5.1.1"
  resolved "https://registry.yarnpkg.com/styled-jsx/-/styled-jsx-5.1.1.tgz#839a1c3aaacc4e735fed0781b8619ea5d0009d1f"
  integrity sha512-pW7uC1l4mBZ8ugbiZrcIsiIvVx1UmTfw7UkC3Um2tmfUq9Bhk8IiyEIPl6F8agHgjzku6j0xQEZbfA5uSgSaCw==
  dependencies:
    client-only "0.0.1"

tslib@^2.4.0:
  version "2.6.2"
  resolved "https://registry.yarnpkg.com/tslib/-/tslib-2.6.2.tgz#703ac29425e7b37cd6fd456e92404d46d1f3e4ae"
  integrity sha512-AEYxH93jGFPn/a2iVAwW87VuUIkR1FVUKB77NwMF7nBTDkDrrT/Hpt/IrCJ0QXhW27jTBDcf5ZY7w6RiqTMw2Q==

typescript@4.5.2:
  version "4.5.2"
  resolved "https://registry.yarnpkg.com/typescript/-/typescript-4.5.2.tgz#8ac1fba9f52256fdb06fb89e4122fa6a346c2998"
  integrity sha512-5BlMof9H1yGt0P8/WF+wPNw6GfctgGjXp5hkblpyT+8rkASSmkUKMXrxR0Xg8ThVCi/JnHQiKXeBaEwCeQwMFw==

typescript@5.2.2:
  version "5.2.2"
  resolved "https://registry.yarnpkg.com/typescript/-/typescript-5.2.2.tgz#5ebb5e5a5b75f085f22bc3f8460fba308310fa78"
  integrity sha512-mI4WrpHsbCIcwT9cF4FZvr80QUeKvsUsUvKDoR+X/7XHQH98xYD8YHZg7ANtz2GtZt/CBq2QJ0thkGJMHfqc1w==

undici-types@~5.26.4:
  version "5.26.5"
  resolved "https://registry.yarnpkg.com/undici-types/-/undici-types-5.26.5.tgz#bcd539893d00b56e964fd2657a4866b221a65617"
  integrity sha512-JlCMO+ehdEIKqlFxk6IfVoAUVmgz7cU7zD/h9XZ0qzeosSHmUJVOzSQvvYSYWXkFXC+IfLKSIffhv0sVZup6pA==

watchpack@2.4.0:
  version "2.4.0"
  resolved "https://registry.yarnpkg.com/watchpack/-/watchpack-2.4.0.tgz#fa33032374962c78113f93c7f2fb4c54c9862a5d"
  integrity sha512-Lcvm7MGST/4fup+ifyKi2hjyIAwcdI4HRgtvTpIUxBRhB+RFtUh8XtDOxUfctVCnhVi+QQj49i91OyvzkJl6cg==
  dependencies:
    glob-to-regexp "^0.4.1"
    graceful-fs "^4.1.2"
